
Microsoft Visual Studio Solution File, Format Version 12.00
# Visual Studio Version 17
VisualStudioVersion = 17.7.34202.233
MinimumVisualStudioVersion = 10.0.40219.1
Project("{FAE04EC0-301F-11D3-BF4B-00C04F79EFBC}") = "FInalLibrarySystem", "FInalLibrarySystem.csproj", "{3922FD4D-49E7-4118-8401-81CD4ACDB021}"
EndProject
Global
	GlobalSection(SolutionConfigurationPlatforms) = preSolution
		Debug|Any CPU = Debug|Any CPU
		Release|Any CPU = Release|Any CPU
	EndGlobalSection
	GlobalSection(ProjectConfigurationPlatforms) = postSolution
		{3922FD4D-49E7-4118-8401-81CD4ACDB021}.Debug|Any CPU.ActiveCfg = Debug|Any CPU
		{3922FD4D-49E7-4118-8401-81CD4ACDB021}.Debug|Any CPU.Build.0 = Debug|Any CPU
		{3922FD4D-49E7-4118-8401-81CD4ACDB021}.Release|Any CPU.ActiveCfg = Release|Any CPU
		{3922FD4D-49E7-4118-8401-81CD4ACDB021}.Release|Any CPU.Build.0 = Release|Any CPU
	EndGlobalSection
	GlobalSection(SolutionProperties) = preSolution
		HideSolutionNode = FALSE
	EndGlobalSection
	GlobalSection(ExtensibilityGlobals) = postSolution
		SolutionGuid = {C92FC350-9E81-4AF5-A683-8351351CBF14}
	EndGlobalSection
EndGlobal
